
Microsoft Visual Studio Solution File, Format Version 12.00
# Visual Studio Version 17
VisualStudioVersion = 17.2.32616.157
MinimumVisualStudioVersion = 10.0.40219.1
Project("{FAE04EC0-301F-11D3-BF4B-00C04F79EFBC}") = "WebApiTokenJWTRouting21122", "WebApiTokenJWTRouting21122.csproj", "{95EDEA6A-7BCD-4C2C-B3B4-21587D772351}"
EndProject
Global
	GlobalSection(SolutionConfigurationPlatforms) = preSolution
		Debug|Any CPU = Debug|Any CPU
		Release|Any CPU = Release|Any CPU
	EndGlobalSection
	GlobalSection(ProjectConfigurationPlatforms) = postSolution
		{95EDEA6A-7BCD-4C2C-B3B4-21587D772351}.Debug|Any CPU.ActiveCfg = Debug|Any CPU
		{95EDEA6A-7BCD-4C2C-B3B4-21587D772351}.Debug|Any CPU.Build.0 = Debug|Any CPU
		{95EDEA6A-7BCD-4C2C-B3B4-21587D772351}.Release|Any CPU.ActiveCfg = Release|Any CPU
		{95EDEA6A-7BCD-4C2C-B3B4-21587D772351}.Release|Any CPU.Build.0 = Release|Any CPU
	EndGlobalSection
	GlobalSection(SolutionProperties) = preSolution
		HideSolutionNode = FALSE
	EndGlobalSection
	GlobalSection(ExtensibilityGlobals) = postSolution
		SolutionGuid = {5F40A176-7C7E-4E1D-87AF-9D837B488A98}
	EndGlobalSection
EndGlobal
